
Microsoft Visual Studio Solution File, Format Version 12.00
# Visual Studio 15
VisualStudioVersion = 15.0.27130.2027
MinimumVisualStudioVersion = 10.0.40219.1
Project("{FAE04EC0-301F-11D3-BF4B-00C04F79EFBC}") = "RevitObjectsHelper", "RevitObjectsHelper\RevitObjectsHelper.csproj", "{FA2D43EC-72FA-4AFE-994E-876B0220492E}"
EndProject
Global
	GlobalSection(SolutionConfigurationPlatforms) = preSolution
		Debug|Any CPU = Debug|Any CPU
		Release|Any CPU = Release|Any CPU
	EndGlobalSection
	GlobalSection(ProjectConfigurationPlatforms) = postSolution
		{FA2D43EC-72FA-4AFE-994E-876B0220492E}.Debug|Any CPU.ActiveCfg = Debug|Any CPU
		{FA2D43EC-72FA-4AFE-994E-876B0220492E}.Debug|Any CPU.Build.0 = Debug|Any CPU
		{FA2D43EC-72FA-4AFE-994E-876B0220492E}.Release|Any CPU.ActiveCfg = Release|Any CPU
		{FA2D43EC-72FA-4AFE-994E-876B0220492E}.Release|Any CPU.Build.0 = Release|Any CPU
		{9F6B67BA-8136-4DB1-84FD-8BF2F5EF719D}.Debug|Any CPU.ActiveCfg = Debug|Any CPU
		{9F6B67BA-8136-4DB1-84FD-8BF2F5EF719D}.Debug|Any CPU.Build.0 = Debug|Any CPU
		{9F6B67BA-8136-4DB1-84FD-8BF2F5EF719D}.Release|Any CPU.ActiveCfg = Release|Any CPU
		{9F6B67BA-8136-4DB1-84FD-8BF2F5EF719D}.Release|Any CPU.Build.0 = Release|Any CPU
	EndGlobalSection
	GlobalSection(SolutionProperties) = preSolution
		HideSolutionNode = FALSE
	EndGlobalSection
	GlobalSection(ExtensibilityGlobals) = postSolution
		SolutionGuid = {DCD15004-8734-4E0E-B5E9-EFB062896F93}
	EndGlobalSection
EndGlobal
